// !$*UTF8*$!
{
	archiveVersion = 1;
	classes = {
	};
	objectVersion = 50;
	objects = {

/* Begin PBXBuildFile section */
		46030541221B143800B5A9EF /* MapKit.framework in Frameworks */ = {isa = PBXBuildFile; fileRef = 46030540221B143800B5A9EF /* MapKit.framework */; };
		46030543221B1AD900B5A9EF /* MapViewController.swift in Sources */ = {isa = PBXBuildFile; fileRef = 46030542221B1AD900B5A9EF /* MapViewController.swift */; };
		462172C6220A5613007A6549 /* ConversionViewController.swift in Sources */ = {isa = PBXBuildFile; fileRef = 462172C5220A5613007A6549 /* ConversionViewController.swift */; };
		465CBA462203258400D59D96 /* AppDelegate.swift in Sources */ = {isa = PBXBuildFile; fileRef = 465CBA452203258400D59D96 /* AppDelegate.swift */; };
		465CBA4B2203258400D59D96 /* Main.storyboard in Resources */ = {isa = PBXBuildFile; fileRef = 465CBA492203258400D59D96 /* Main.storyboard */; };
		465CBA4D2203258500D59D96 /* Assets.xcassets in Resources */ = {isa = PBXBuildFile; fileRef = 465CBA4C2203258500D59D96 /* Assets.xcassets */; };
		465CBA502203258500D59D96 /* LaunchScreen.storyboard in Resources */ = {isa = PBXBuildFile; fileRef = 465CBA4E2203258500D59D96 /* LaunchScreen.storyboard */; };
		465CBA5B2203258600D59D96 /* WorldTrotterTests.swift in Sources */ = {isa = PBXBuildFile; fileRef = 465CBA5A2203258600D59D96 /* WorldTrotterTests.swift */; };
		465CBA662203258600D59D96 /* WorldTrotterUITests.swift in Sources */ = {isa = PBXBuildFile; fileRef = 465CBA652203258600D59D96 /* WorldTrotterUITests.swift */; };
		46D17A32221B98CE001D4F8C /* ViewController.swift in Sources */ = {isa = PBXBuildFile; fileRef = 46D17A31221B98CE001D4F8C /* ViewController.swift */; };
		46D17A34221B99D5001D4F8C /* WebKit.framework in Frameworks */ = {isa = PBXBuildFile; fileRef = 46D17A33221B99D5001D4F8C /* WebKit.framework */; };
/* End PBXBuildFile section */

/* Begin PBXContainerItemProxy section */
		465CBA572203258600D59D96 /* PBXContainerItemProxy */ = {
			isa = PBXContainerItemProxy;
			containerPortal = 465CBA3A2203258400D59D96 /* Project object */;
			proxyType = 1;
			remoteGlobalIDString = 465CBA412203258400D59D96;
			remoteInfo = WorldTrotter;
		};
		465CBA622203258600D59D96 /* PBXContainerItemProxy */ = {
			isa = PBXContainerItemProxy;
			containerPortal = 465CBA3A2203258400D59D96 /* Project object */;
			proxyType = 1;
			remoteGlobalIDString = 465CBA412203258400D59D96;
			remoteInfo = WorldTrotter;
		};
/* End PBXContainerItemProxy section */

/* Begin PBXFileReference section */
		46030540221B143800B5A9EF /* MapKit.framework */ = {isa = PBXFileReference; lastKnownFileType = wrapper.framework; name = MapKit.framework; path = System/Library/Frameworks/MapKit.framework; sourceTree = SDKROOT; };
		46030542221B1AD900B5A9EF /* MapViewController.swift */ = {isa = PBXFileReference; lastKnownFileType = sourcecode.swift; name = MapViewController.swift; path = ../../Worldtrotter2/WorldTrotter/MapViewController.swift; sourceTree = "<group>"; };
		462172C5220A5613007A6549 /* ConversionViewController.swift */ = {isa = PBXFileReference; lastKnownFileType = sourcecode.swift; path = ConversionViewController.swift; sourceTree = "<group>"; };
		465CBA422203258400D59D96 /* WorldTrotter.app */ = {isa = PBXFileReference; explicitFileType = wrapper.application; includeInIndex = 0; path = WorldTrotter.app; sourceTree = BUILT_PRODUCTS_DIR; };
		465CBA452203258400D59D96 /* AppDelegate.swift */ = {isa = PBXFileReference; lastKnownFileType = sourcecode.swift; path = AppDelegate.swift; sourceTree = "<group>"; };
		465CBA4A2203258400D59D96 /* Base */ = {isa = PBXFileReference; lastKnownFileType = file.storyboard; name = Base; path = Base.lproj/Main.storyboard; sourceTree = "<group>"; };
		465CBA4C2203258500D59D96 /* Assets.xcassets */ = {isa = PBXFileReference; lastKnownFileType = folder.assetcatalog; path = Assets.xcassets; sourceTree = "<group>"; };
		465CBA4F2203258500D59D96 /* Base */ = {isa = PBXFileReference; lastKnownFileType = file.storyboard; name = Base; path = Base.lproj/LaunchScreen.storyboard; sourceTree = "<group>"; };
		465CBA512203258500D59D96 /* Info.plist */ = {isa = PBXFileReference; lastKnownFileType = text.plist.xml; path = Info.plist; sourceTree = "<group>"; };
		465CBA562203258600D59D96 /* WorldTrotterTests.xctest */ = {isa = PBXFileReference; explicitFileType = wrapper.cfbundle; includeInIndex = 0; path = WorldTrotterTests.xctest; sourceTree = BUILT_PRODUCTS_DIR; };
		465CBA5A2203258600D59D96 /* WorldTrotterTests.swift */ = {isa = PBXFileReference; lastKnownFileType = sourcecode.swift; path = WorldTrotterTests.swift; sourceTree = "<group>"; };
		465CBA5C2203258600D59D96 /* Info.plist */ = {isa = PBXFileReference; lastKnownFileType = text.plist.xml; path = Info.plist; sourceTree = "<group>"; };
		465CBA612203258600D59D96 /* WorldTrotterUITests.xctest */ = {isa = PBXFileReference; explicitFileType = wrapper.cfbundle; includeInIndex = 0; path = WorldTrotterUITests.xctest; sourceTree = BUILT_PRODUCTS_DIR; };
		465CBA652203258600D59D96 /* WorldTrotterUITests.swift */ = {isa = PBXFileReference; lastKnownFileType = sourcecode.swift; path = WorldTrotterUITests.swift; sourceTree = "<group>"; };
		465CBA672203258600D59D96 /* Info.plist */ = {isa = PBXFileReference; lastKnownFileType = text.plist.xml; path = Info.plist; sourceTree = "<group>"; };
		46D17A31221B98CE001D4F8C /* ViewController.swift */ = {isa = PBXFileReference; lastKnownFileType = sourcecode.swift; path = ViewController.swift; sourceTree = "<group>"; };
		46D17A33221B99D5001D4F8C /* WebKit.framework */ = {isa = PBXFileReference; lastKnownFileType = wrapper.framework; name = WebKit.framework; path = System/Library/Frameworks/WebKit.framework; sourceTree = SDKROOT; };
/* End PBXFileReference section */

/* Begin PBXFrameworksBuildPhase section */
		465CBA3F2203258400D59D96 /* Frameworks */ = {
			isa = PBXFrameworksBuildPhase;
			buildActionMask = 2147483647;
			files = (
				46D17A34221B99D5001D4F8C /* WebKit.framework in Frameworks */,
				46030541221B143800B5A9EF /* MapKit.framework in Frameworks */,
			);
			runOnlyForDeploymentPostprocessing = 0;
		};
		465CBA532203258600D59D96 /* Frameworks */ = {
			isa = PBXFrameworksBuildPhase;
			buildActionMask = 2147483647;
			files = (
			);
			runOnlyForDeploymentPostprocessing = 0;
		};
		465CBA5E2203258600D59D96 /* Frameworks */ = {
			isa = PBXFrameworksBuildPhase;
			buildActionMask = 2147483647;
			files = (
			);
			runOnlyForDeploymentPostprocessing = 0;
		};
/* End PBXFrameworksBuildPhase section */

/* Begin PBXGroup section */
		4603053F221B143800B5A9EF /* Frameworks */ = {
			isa = PBXGroup;
			children = (
				46D17A33221B99D5001D4F8C /* WebKit.framework */,
				46030540221B143800B5A9EF /* MapKit.framework */,
			);
			name = Frameworks;
			sourceTree = "<group>";
		};
		465CBA392203258400D59D96 = {
			isa = PBXGroup;
			children = (
				465CBA442203258400D59D96 /* WorldTrotter */,
				465CBA592203258600D59D96 /* WorldTrotterTests */,
				465CBA642203258600D59D96 /* WorldTrotterUITests */,
				465CBA432203258400D59D96 /* Products */,
				4603053F221B143800B5A9EF /* Frameworks */,
			);
			sourceTree = "<group>";
		};
		465CBA432203258400D59D96 /* Products */ = {
			isa = PBXGroup;
			children = (
				465CBA422203258400D59D96 /* WorldTrotter.app */,
				465CBA562203258600D59D96 /* WorldTrotterTests.xctest */,
				465CBA612203258600D59D96 /* WorldTrotterUITests.xctest */,
			);
			name = Products;
			sourceTree = "<group>";
		};
		465CBA442203258400D59D96 /* WorldTrotter */ = {
			isa = PBXGroup;
			children = (
				462172C5220A5613007A6549 /* ConversionViewController.swift */,
				46030542221B1AD900B5A9EF /* MapViewController.swift */,
				465CBA452203258400D59D96 /* AppDelegate.swift */,
				465CBA492203258400D59D96 /* Main.storyboard */,
				46D17A31221B98CE001D4F8C /* ViewController.swift */,
				465CBA4C2203258500D59D96 /* Assets.xcassets */,
				465CBA4E2203258500D59D96 /* LaunchScreen.storyboard */,
				465CBA512203258500D59D96 /* Info.plist */,
			);
			path = WorldTrotter;
			sourceTree = "<group>";
		};
		465CBA592203258600D59D96 /* WorldTrotterTests */ = {
			isa = PBXGroup;
			children = (
				465CBA5A2203258600D59D96 /* WorldTrotterTests.swift */,
				465CBA5C2203258600D59D96 /* Info.plist */,
			);
			path = WorldTrotterTests;
			sourceTree = "<group>";
		};
		465CBA642203258600D59D96 /* WorldTrotterUITests */ = {
			isa = PBXGroup;
			children = (
				465CBA652203258600D59D96 /* WorldTrotterUITests.swift */,
				465CBA672203258600D59D96 /* Info.plist */,
			);
			path = WorldTrotterUITests;
			sourceTree = "<group>";
		};
/* End PBXGroup section */

/* Begin PBXNativeTarget section */
		465CBA412203258400D59D96 /* WorldTrotter */ = {
			isa = PBXNativeTarget;
			buildConfigurationList = 465CBA6A2203258600D59D96 /* Build configuration list for PBXNativeTarget "WorldTrotter" */;
			buildPhases = (
				465CBA3E2203258400D59D96 /* Sources */,
				465CBA3F2203258400D59D96 /* Frameworks */,
				465CBA402203258400D59D96 /* Resources */,
			);
			buildRules = (
			);
			dependencies = (
			);
			name = WorldTrotter;
			productName = WorldTrotter;
			productReference = 465CBA422203258400D59D96 /* WorldTrotter.app */;
			productType = "com.apple.product-type.application";
		};
		465CBA552203258600D59D96 /* WorldTrotterTests */ = {
			isa = PBXNativeTarget;
			buildConfigurationList = 465CBA6D2203258600D59D96 /* Build configuration list for PBXNativeTarget "WorldTrotterTests" */;
			buildPhases = (
				465CBA522203258600D59D96 /* Sources */,
				465CBA532203258600D59D96 /* Frameworks */,
				465CBA542203258600D59D96 /* Resources */,
			);
			buildRules = (
			);
			dependencies = (
				465CBA582203258600D59D96 /* PBXTargetDependency */,
			);
			name = WorldTrotterTests;
			productName = WorldTrotterTests;
			productReference = 465CBA562203258600D59D96 /* WorldTrotterTests.xctest */;
			productType = "com.apple.product-type.bundle.unit-test";
		};
		465CBA602203258600D59D96 /* WorldTrotterUITests */ = {
			isa = PBXNativeTarget;
			buildConfigurationList = 465CBA702203258600D59D96 /* Build configuration list for PBXNativeTarget "WorldTrotterUITests" */;
			buildPhases = (
				465CBA5D2203258600D59D96 /* Sources */,
				465CBA5E2203258600D59D96 /* Frameworks */,
				465CBA5F2203258600D59D96 /* Resources */,
			);
			buildRules = (
			);
			dependencies = (
				465CBA632203258600D59D96 /* PBXTargetDependency */,
			);
			name = WorldTrotterUITests;
			productName = WorldTrotterUITests;
			productReference = 465CBA612203258600D59D96 /* WorldTrotterUITests.xctest */;
			productType = "com.apple.product-type.bundle.ui-testing";
		};
/* End PBXNativeTarget section */

/* Begin PBXProject section */
		465CBA3A2203258400D59D96 /* Project object */ = {
			isa = PBXProject;
			attributes = {
				LastSwiftUpdateCheck = 1010;
				LastUpgradeCheck = 1010;
				ORGANIZATIONNAME = Cara;
				TargetAttributes = {
					465CBA412203258400D59D96 = {
						CreatedOnToolsVersion = 10.1;
					};
					465CBA552203258600D59D96 = {
						CreatedOnToolsVersion = 10.1;
						TestTargetID = 465CBA412203258400D59D96;
					};
					465CBA602203258600D59D96 = {
						CreatedOnToolsVersion = 10.1;
						TestTargetID = 465CBA412203258400D59D96;
					};
				};
			};
			buildConfigurationList = 465CBA3D2203258400D59D96 /* Build configuration list for PBXProject "WorldTrotter" */;
			compatibilityVersion = "Xcode 9.3";
			developmentRegion = en;
			hasScannedForEncodings = 0;
			knownRegions = (
				en,
				Base,
			);
			mainGroup = 465CBA392203258400D59D96;
			productRefGroup = 465CBA432203258400D59D96 /* Products */;
			projectDirPath = "";
			projectRoot = "";
			targets = (
				465CBA412203258400D59D96 /* WorldTrotter */,
				465CBA552203258600D59D96 /* WorldTrotterTests */,
				465CBA602203258600D59D96 /* WorldTrotterUITests */,
			);
		};
/* End PBXProject section */

/* Begin PBXResourcesBuildPhase section */
		465CBA402203258400D59D96 /* Resources */ = {
			isa = PBXResourcesBuildPhase;
			buildActionMask = 2147483647;
			files = (
				465CBA502203258500D59D96 /* LaunchScreen.storyboard in Resources */,
				465CBA4D2203258500D59D96 /* Assets.xcassets in Resources */,
				465CBA4B2203258400D59D96 /* Main.storyboard in Resources */,
			);
			runOnlyForDeploymentPostprocessing = 0;
		};
		465CBA542203258600D59D96 /* Resources */ = {
			isa = PBXResourcesBuildPhase;
			buildActionMask = 2147483647;
			files = (
			);
			runOnlyForDeploymentPostprocessing = 0;
		};
		465CBA5F2203258600D59D96 /* Resources */ = {
			isa = PBXResourcesBuildPhase;
			buildActionMask = 2147483647;
			files = (
			);
			runOnlyForDeploymentPostprocessing = 0;
		};
/* End PBXResourcesBuildPhase section */

/* Begin PBXSourcesBuildPhase section */
		465CBA3E2203258400D59D96 /* Sources */ = {
			isa = PBXSourcesBuildPhase;
			buildActionMask = 2147483647;
			files = (
				462172C6220A5613007A6549 /* ConversionViewController.swift in Sources */,
				46030543221B1AD900B5A9EF /* MapViewController.swift in Sources */,
				46D17A32221B98CE001D4F8C /* ViewController.swift in Sources */,
				465CBA462203258400D59D96 /* AppDelegate.swift in Sources */,
			);
			runOnlyForDeploymentPostprocessing = 0;
		};
		465CBA522203258600D59D96 /* Sources */ = {
			isa = PBXSourcesBuildPhase;
			buildActionMask = 2147483647;
			files = (
				465CBA5B2203258600D59D96 /* WorldTrotterTests.swift in Sources */,
			);
			runOnlyForDeploymentPostprocessing = 0;
		};
		465CBA5D2203258600D59D96 /* Sources */ = {
			isa = PBXSourcesBuildPhase;
			buildActionMask = 2147483647;
			files = (
				465CBA662203258600D59D96 /* WorldTrotterUITests.swift in Sources */,
			);
			runOnlyForDeploymentPostprocessing = 0;
		};
/* End PBXSourcesBuildPhase section */

/* Begin PBXTargetDependency section */
		465CBA582203258600D59D96 /* PBXTargetDependency */ = {
			isa = PBXTargetDependency;
			target = 465CBA412203258400D59D96 /* WorldTrotter */;
			targetProxy = 465CBA572203258600D59D96 /* PBXContainerItemProxy */;
		};
		465CBA632203258600D59D96 /* PBXTargetDependency */ = {
			isa = PBXTargetDependency;
			target = 465CBA412203258400D59D96 /* WorldTrotter */;
			targetProxy = 465CBA622203258600D59D96 /* PBXContainerItemProxy */;
		};
/* End PBXTargetDependency section */

/* Begin PBXVariantGroup section */
		465CBA492203258400D59D96 /* Main.storyboard */ = {
			isa = PBXVariantGroup;
			children = (
				465CBA4A2203258400D59D96 /* Base */,
			);
			name = Main.storyboard;
			sourceTree = "<group>";
		};
		465CBA4E2203258500D59D96 /* LaunchScreen.storyboard */ = {
			isa = PBXVariantGroup;
			children = (
				465CBA4F2203258500D59D96 /* Base */,
			);
			name = LaunchScreen.storyboard;
			sourceTree = "<group>";
		};
/* End PBXVariantGroup section */

/* Begin XCBuildConfiguration section */
		465CBA682203258600D59D96 /* Debug */ = {
			isa = XCBuildConfiguration;
			buildSettings = {
				ALWAYS_SEARCH_USER_PATHS = NO;
				CLANG_ANALYZER_NONNULL = YES;
				CLANG_ANALYZER_NUMBER_OBJECT_CONVERSION = YES_AGGRESSIVE;
				CLANG_CXX_LANGUAGE_STANDARD = "gnu++14";
				CLANG_CXX_LIBRARY = "libc++";
				CLANG_ENABLE_MODULES = YES;
				CLANG_ENABLE_OBJC_ARC = YES;
				CLANG_ENABLE_OBJC_WEAK = YES;
				CLANG_WARN_BLOCK_CAPTURE_AUTORELEASING = YES;
				CLANG_WARN_BOOL_CONVERSION = YES;
				CLANG_WARN_COMMA = YES;
				CLANG_WARN_CONSTANT_CONVERSION = YES;
				CLANG_WARN_DEPRECATED_OBJC_IMPLEMENTATIONS = YES;
				CLANG_WARN_DIRECT_OBJC_ISA_USAGE = YES_ERROR;
				CLANG_WARN_DOCUMENTATION_COMMENTS = YES;
				CLANG_WARN_EMPTY_BODY = YES;
				CLANG_WARN_ENUM_CONVERSION = YES;
				CLANG_WARN_INFINITE_RECURSION = YES;
				CLANG_WARN_INT_CONVERSION = YES;
				CLANG_WARN_NON_LITERAL_NULL_CONVERSION = YES;
				CLANG_WARN_OBJC_IMPLICIT_RETAIN_SELF = YES;
				CLANG_WARN_OBJC_LITERAL_CONVERSION = YES;
				CLANG_WARN_OBJC_ROOT_CLASS = YES_ERROR;
				CLANG_WARN_RANGE_LOOP_ANALYSIS = YES;
				CLANG_WARN_STRICT_PROTOTYPES = YES;
				CLANG_WARN_SUSPICIOUS_MOVE = YES;
				CLANG_WARN_UNGUARDED_AVAILABILITY = YES_AGGRESSIVE;
				CLANG_WARN_UNREACHABLE_CODE = YES;
				CLANG_WARN__DUPLICATE_METHOD_MATCH = YES;
				CODE_SIGN_IDENTITY = "iPhone Developer";
				COPY_PHASE_STRIP = NO;
				DEBUG_INFORMATION_FORMAT = dwarf;
				ENABLE_STRICT_OBJC_MSGSEND = YES;
				ENABLE_TESTABILITY = YES;
				GCC_C_LANGUAGE_STANDARD = gnu11;
				GCC_DYNAMIC_NO_PIC = NO;
				GCC_NO_COMMON_BLOCKS = YES;
				GCC_OPTIMIZATION_LEVEL = 0;
				GCC_PREPROCESSOR_DEFINITIONS = (
					"DEBUG=1",
					"$(inherited)",
				);
				GCC_WARN_64_TO_32_BIT_CONVERSION = YES;
				GCC_WARN_ABOUT_RETURN_TYPE = YES_ERROR;
				GCC_WARN_UNDECLARED_SELECTOR = YES;
				GCC_WARN_UNINITIALIZED_AUTOS = YES_AGGRESSIVE;
				GCC_WARN_UNUSED_FUNCTION = YES;
				GCC_WARN_UNUSED_VARIABLE = YES;
				IPHONEOS_DEPLOYMENT_TARGET = 12.1;
				MTL_ENABLE_DEBUG_INFO = INCLUDE_SOURCE;
				MTL_FAST_MATH = YES;
				ONLY_ACTIVE_ARCH = YES;
				SDKROOT = iphoneos;
				SWIFT_ACTIVE_COMPILATION_CONDITIONS = DEBUG;
				SWIFT_OPTIMIZATION_LEVEL = "-Onone";
			};
			name = Debug;
		};
		465CBA692203258600D59D96 /* Release */ = {
			isa = XCBuildConfiguration;
			buildSettings = {
				ALWAYS_SEARCH_USER_PATHS = NO;
				CLANG_ANALYZER_NONNULL = YES;
				CLANG_ANALYZER_NUMBER_OBJECT_CONVERSION = YES_AGGRESSIVE;
				CLANG_CXX_LANGUAGE_STANDARD = "gnu++14";
				CLANG_CXX_LIBRARY = "libc++";
				CLANG_ENABLE_MODULES = YES;
				CLANG_ENABLE_OBJC_ARC = YES;
				CLANG_ENABLE_OBJC_WEAK = YES;
				CLANG_WARN_BLOCK_CAPTURE_AUTORELEASING = YES;
				CLANG_WARN_BOOL_CONVERSION = YES;
				CLANG_WARN_COMMA = YES;
				CLANG_WARN_CONSTANT_CONVERSION = YES;
				CLANG_WARN_DEPRECATED_OBJC_IMPLEMENTATIONS = YES;
				CLANG_WARN_DIRECT_OBJC_ISA_USAGE = YES_ERROR;
				CLANG_WARN_DOCUMENTATION_COMMENTS = YES;
				CLANG_WARN_EMPTY_BODY = YES;
				CLANG_WARN_ENUM_CONVERSION = YES;
				CLANG_WARN_INFINITE_RECURSION = YES;
				CLANG_WARN_INT_CONVERSION = YES;
				CLANG_WARN_NON_LITERAL_NULL_CONVERSION = YES;
				CLANG_WARN_OBJC_IMPLICIT_RETAIN_SELF = YES;
				CLANG_WARN_OBJC_LITERAL_CONVERSION = YES;
				CLANG_WARN_OBJC_ROOT_CLASS = YES_ERROR;
				CLANG_WARN_RANGE_LOOP_ANALYSIS = YES;
				CLANG_WARN_STRICT_PROTOTYPES = YES;
				CLANG_WARN_SUSPICIOUS_MOVE = YES;
				CLANG_WARN_UNGUARDED_AVAILABILITY = YES_AGGRESSIVE;
				CLANG_WARN_UNREACHABLE_CODE = YES;
				CLANG_WARN__DUPLICATE_METHOD_MATCH = YES;
				CODE_SIGN_IDENTITY = "iPhone Developer";
				COPY_PHASE_STRIP = NO;
				DEBUG_INFORMATION_FORMAT = "dwarf-with-dsym";
				ENABLE_NS_ASSERTIONS = NO;
				ENABLE_STRICT_OBJC_MSGSEND = YES;
				GCC_C_LANGUAGE_STANDARD = gnu11;
				GCC_NO_COMMON_BLOCKS = YES;
				GCC_WARN_64_TO_32_BIT_CONVERSION = YES;
				GCC_WARN_ABOUT_RETURN_TYPE = YES_ERROR;
				GCC_WARN_UNDECLARED_SELECTOR = YES;
				GCC_WARN_UNINITIALIZED_AUTOS = YES_AGGRESSIVE;
				GCC_WARN_UNUSED_FUNCTION = YES;
				GCC_WARN_UNUSED_VARIABLE = YES;
				IPHONEOS_DEPLOYMENT_TARGET = 12.1;
				MTL_ENABLE_DEBUG_INFO = NO;
				MTL_FAST_MATH = YES;
				SDKROOT = iphoneos;
				SWIFT_COMPILATION_MODE = wholemodule;
				SWIFT_OPTIMIZATION_LEVEL = "-O";
				VALIDATE_PRODUCT = YES;
			};
			name = Release;
		};
		465CBA6B2203258600D59D96 /* Debug */ = {
			isa = XCBuildConfiguration;
			buildSettings = {
				ASSETCATALOG_COMPILER_APPICON_NAME = AppIcon;
				CODE_SIGN_STYLE = Automatic;
				INFOPLIST_FILE = WorldTrotter/Info.plist;
				LD_RUNPATH_SEARCH_PATHS = (
					"$(inherited)",
					"@executable_path/Frameworks",
				);
				PRODUCT_BUNDLE_IDENTIFIER = com.cwegs.WorldTrotter;
				PRODUCT_NAME = "$(TARGET_NAME)";
				SWIFT_VERSION = 4.2;
				TARGETED_DEVICE_FAMILY = "1,2";
			};
			name = Debug;
		};
		465CBA6C2203258600D59D96 /* Release */ = {
			isa = XCBuildConfiguration;
			buildSettings = {
				ASSETCATALOG_COMPILER_APPICON_NAME = AppIcon;
				CODE_SIGN_STYLE = Automatic;
				INFOPLIST_FILE = WorldTrotter/Info.plist;
				LD_RUNPATH_SEARCH_PATHS = (
					"$(inherited)",
					"@executable_path/Frameworks",
				);
				PRODUCT_BUNDLE_IDENTIFIER = com.cwegs.WorldTrotter;
				PRODUCT_NAME = "$(TARGET_NAME)";
				SWIFT_VERSION = 4.2;
				TARGETED_DEVICE_FAMILY = "1,2";
			};
			name = Release;
		};
		465CBA6E2203258600D59D96 /* Debug */ = {
			isa = XCBuildConfiguration;
			buildSettings = {
				ALWAYS_EMBED_SWIFT_STANDARD_LIBRARIES = YES;
				BUNDLE_LOADER = "$(TEST_HOST)";
				CODE_SIGN_STYLE = Automatic;
				INFOPLIST_FILE = WorldTrotterTests/Info.plist;
				LD_RUNPATH_SEARCH_PATHS = (
					"$(inherited)",
					"@executable_path/Frameworks",
					"@loader_path/Frameworks",
				);
				PRODUCT_BUNDLE_IDENTIFIER = com.cwegs.WorldTrotterTests;
				PRODUCT_NAME = "$(TARGET_NAME)";
				SWIFT_VERSION = 4.2;
				TARGETED_DEVICE_FAMILY = "1,2";
				TEST_HOST = "$(BUILT_PRODUCTS_DIR)/WorldTrotter.app/WorldTrotter";
			};
			name = Debug;
		};
		465CBA6F2203258600D59D96 /* Release */ = {
			isa = XCBuildConfiguration;
			buildSettings = {
				ALWAYS_EMBED_SWIFT_STANDARD_LIBRARIES = YES;
				BUNDLE_LOADER = "$(TEST_HOST)";
				CODE_SIGN_STYLE = Automatic;
				INFOPLIST_FILE = WorldTrotterTests/Info.plist;
				LD_RUNPATH_SEARCH_PATHS = (
					"$(inherited)",
					"@executable_path/Frameworks",
					"@loader_path/Frameworks",
				);
				PRODUCT_BUNDLE_IDENTIFIER = com.cwegs.WorldTrotterTests;
				PRODUCT_NAME = "$(TARGET_NAME)";
				SWIFT_VERSION = 4.2;
				TARGETED_DEVICE_FAMILY = "1,2";
				TEST_HOST = "$(BUILT_PRODUCTS_DIR)/WorldTrotter.app/WorldTrotter";
			};
			name = Release;
		};
		465CBA712203258600D59D96 /* Debug */ = {
			isa = XCBuildConfiguration;
			buildSettings = {
				ALWAYS_EMBED_SWIFT_STANDARD_LIBRARIES = YES;
				CODE_SIGN_STYLE = Automatic;
				INFOPLIST_FILE = WorldTrotterUITests/Info.plist;
				LD_RUNPATH_SEARCH_PATHS = (
					"$(inherited)",
					"@executable_path/Frameworks",
					"@loader_path/Frameworks",
				);
				PRODUCT_BUNDLE_IDENTIFIER = com.cwegs.WorldTrotterUITests;
				PRODUCT_NAME = "$(TARGET_NAME)";
				SWIFT_VERSION = 4.2;
				TARGETED_DEVICE_FAMILY = "1,2";
				TEST_TARGET_NAME = WorldTrotter;
			};
			name = Debug;
		};
		465CBA722203258600D59D96 /* Release */ = {
			isa = XCBuildConfiguration;
			buildSettings = {
				ALWAYS_EMBED_SWIFT_STANDARD_LIBRARIES = YES;
				CODE_SIGN_STYLE = Automatic;
				INFOPLIST_FILE = WorldTrotterUITests/Info.plist;
				LD_RUNPATH_SEARCH_PATHS = (
					"$(inherited)",
					"@executable_path/Frameworks",
					"@loader_path/Frameworks",
				);
				PRODUCT_BUNDLE_IDENTIFIER = com.cwegs.WorldTrotterUITests;
				PRODUCT_NAME = "$(TARGET_NAME)";
				SWIFT_VERSION = 4.2;
				TARGETED_DEVICE_FAMILY = "1,2";
				TEST_TARGET_NAME = WorldTrotter;
			};
			name = Release;
		};
/* End XCBuildConfiguration section */

/* Begin XCConfigurationList section */
		465CBA3D2203258400D59D96 /* Build configuration list for PBXProject "WorldTrotter" */ = {
			isa = XCConfigurationList;
			buildConfigurations = (
				465CBA682203258600D59D96 /* Debug */,
				465CBA692203258600D59D96 /* Release */,
			);
			defaultConfigurationIsVisible = 0;
			defaultConfigurationName = Release;
		};
		465CBA6A2203258600D59D96 /* Build configuration list for PBXNativeTarget "WorldTrotter" */ = {
			isa = XCConfigurationList;
			buildConfigurations = (
				465CBA6B2203258600D59D96 /* Debug */,
				465CBA6C2203258600D59D96 /* Release */,
			);
			defaultConfigurationIsVisible = 0;
			defaultConfigurationName = Release;
		};
		465CBA6D2203258600D59D96 /* Build configuration list for PBXNativeTarget "WorldTrotterTests" */ = {
			isa = XCConfigurationList;
			buildConfigurations = (
				465CBA6E2203258600D59D96 /* Debug */,
				465CBA6F2203258600D59D96 /* Release */,
			);
			defaultConfigurationIsVisible = 0;
			defaultConfigurationName = Release;
		};
		465CBA702203258600D59D96 /* Build configuration list for PBXNativeTarget "WorldTrotterUITests" */ = {
			isa = XCConfigurationList;
			buildConfigurations = (
				465CBA712203258600D59D96 /* Debug */,
				465CBA722203258600D59D96 /* Release */,
			);
			defaultConfigurationIsVisible = 0;
			defaultConfigurationName = Release;
		};
/* End XCConfigurationList section */
	};
	rootObject = 465CBA3A2203258400D59D96 /* Project object */;
}
